
Microsoft Visual Studio Solution File, Format Version 12.00
# Visual Studio Version 17
VisualStudioVersion = 17.11.35219.272
MinimumVisualStudioVersion = 10.0.40219.1
Project("{FAE04EC0-301F-11D3-BF4B-00C04F79EFBC}") = "BifpclProject", "BifpclProject.csproj", "{64E779CC-5F88-429B-AD1B-E809170366C4}"
EndProject
Global
	GlobalSection(SolutionConfigurationPlatforms) = preSolution
		Debug|Any CPU = Debug|Any CPU
		Release|Any CPU = Release|Any CPU
	EndGlobalSection
	GlobalSection(ProjectConfigurationPlatforms) = postSolution
		{64E779CC-5F88-429B-AD1B-E809170366C4}.Debug|Any CPU.ActiveCfg = Debug|Any CPU
		{64E779CC-5F88-429B-AD1B-E809170366C4}.Debug|Any CPU.Build.0 = Debug|Any CPU
		{64E779CC-5F88-429B-AD1B-E809170366C4}.Release|Any CPU.ActiveCfg = Release|Any CPU
		{64E779CC-5F88-429B-AD1B-E809170366C4}.Release|Any CPU.Build.0 = Release|Any CPU
	EndGlobalSection
	GlobalSection(SolutionProperties) = preSolution
		HideSolutionNode = FALSE
	EndGlobalSection
	GlobalSection(ExtensibilityGlobals) = postSolution
		SolutionGuid = {6AC89CC6-E0D5-41B3-99E5-3A567517449E}
	EndGlobalSection
EndGlobal
